Microsoft Visual Studio Solution File, Format Version 12.00
# Visual Studio 2012
Project("{FAE04EC0-301F-11D3-BF4B-00C04F79EFBC}") = "LilBikerBoi", "LilBikerBoi.csproj", "{BF34192E-256C-448D-8F04-E517D020D5B3}"
EndProject
Global
	GlobalSection(SolutionConfigurationPlatforms) = preSolution
	Debug|Any CPU = Debug|Any CPU
	ExportDebug|Any CPU = ExportDebug|Any CPU
	ExportRelease|Any CPU = ExportRelease|Any CPU
	EndGlobalSection
	GlobalSection(ProjectConfigurationPlatforms) = postSolution
		{BF34192E-256C-448D-8F04-E517D020D5B3}.Debug|Any CPU.ActiveCfg = Debug|Any CPU
		{BF34192E-256C-448D-8F04-E517D020D5B3}.Debug|Any CPU.Build.0 = Debug|Any CPU
		{BF34192E-256C-448D-8F04-E517D020D5B3}.ExportDebug|Any CPU.ActiveCfg = ExportDebug|Any CPU
		{BF34192E-256C-448D-8F04-E517D020D5B3}.ExportDebug|Any CPU.Build.0 = ExportDebug|Any CPU
		{BF34192E-256C-448D-8F04-E517D020D5B3}.ExportRelease|Any CPU.ActiveCfg = ExportRelease|Any CPU
		{BF34192E-256C-448D-8F04-E517D020D5B3}.ExportRelease|Any CPU.Build.0 = ExportRelease|Any CPU
	EndGlobalSection
EndGlobal
